// !$*UTF8*$!
{
	archiveVersion = 1;
	classes = {
	};
	objectVersion = 46;
	objects = {

/* Begin PBXBuildFile section */
		B34EDD2D1CBE912000A63AF2 /* main.m in Sources */ = {isa = PBXBuildFile; fileRef = B34EDD2C1CBE912000A63AF2 /* main.m */; };
		B34EDD301CBE912000A63AF2 /* AppDelegate.m in Sources */ = {isa = PBXBuildFile; fileRef = B34EDD2F1CBE912000A63AF2 /* AppDelegate.m */; };
		B34EDD331CBE912000A63AF2 /* MainViewController.m in Sources */ = {isa = PBXBuildFile; fileRef = B34EDD321CBE912000A63AF2 /* MainViewController.m */; };
		B34EDD361CBE912000A63AF2 /* Main.storyboard in Resources */ = {isa = PBXBuildFile; fileRef = B34EDD341CBE912000A63AF2 /* Main.storyboard */; };
		B34EDD381CBE912000A63AF2 /* Assets.xcassets in Resources */ = {isa = PBXBuildFile; fileRef = B34EDD371CBE912000A63AF2 /* Assets.xcassets */; };
		B34EDD3B1CBE912000A63AF2 /* LaunchScreen.storyboard in Resources */ = {isa = PBXBuildFile; fileRef = B34EDD391CBE912000A63AF2 /* LaunchScreen.storyboard */; };
		B34EDD441CBE928F00A63AF2 /* MyCollectionViewCell.m in Sources */ = {isa = PBXBuildFile; fileRef = B34EDD431CBE928F00A63AF2 /* MyCollectionViewCell.m */; };
		B38CD7BA1CBEA3FD00E3A40D /* back.png in Resources */ = {isa = PBXBuildFile; fileRef = B38CD7B91CBEA3FD00E3A40D /* back.png */; };
		B38CD7BE1CBEA56A00E3A40D /* record.png in Resources */ = {isa = PBXBuildFile; fileRef = B38CD7BD1CBEA56A00E3A40D /* record.png */; };
		B38CD7C01CBEA5C100E3A40D /* record_small.png in Resources */ = {isa = PBXBuildFile; fileRef = B38CD7BF1CBEA5C100E3A40D /* record_small.png */; };
		B38CD7C21CBEA9EC00E3A40D /* video_record.png in Resources */ = {isa = PBXBuildFile; fileRef = B38CD7C11CBEA9EC00E3A40D /* video_record.png */; };
		B38CD7C41CBEABD500E3A40D /* undo.png in Resources */ = {isa = PBXBuildFile; fileRef = B38CD7C31CBEABD500E3A40D /* undo.png */; };
		B38CD7C61CBEAC2500E3A40D /* switch_camera.png in Resources */ = {isa = PBXBuildFile; fileRef = B38CD7C51CBEAC2500E3A40D /* switch_camera.png */; };
		B38CD7CA1CBEAE7B00E3A40D /* film_2.png in Resources */ = {isa = PBXBuildFile; fileRef = B38CD7C91CBEAE7B00E3A40D /* film_2.png */; };
		B38CD7CE1CBEAF6900E3A40D /* sample1.jpg in Resources */ = {isa = PBXBuildFile; fileRef = B38CD7CD1CBEAF6900E3A40D /* sample1.jpg */; };
		B38CD7D11CBEB0A600E3A40D /* VideoViewController.m in Sources */ = {isa = PBXBuildFile; fileRef = B38CD7D01CBEB0A600E3A40D /* VideoViewController.m */; };
		B38CD7D71CBEB5AB00E3A40D /* SVProgressHUD.bundle in Resources */ = {isa = PBXBuildFile; fileRef = B38CD7D41CBEB5AB00E3A40D /* SVProgressHUD.bundle */; };
		B38CD7D81CBEB5AB00E3A40D /* SVProgressHUD.m in Sources */ = {isa = PBXBuildFile; fileRef = B38CD7D61CBEB5AB00E3A40D /* SVProgressHUD.m */; };
		B38CD7DD1CBEB8ED00E3A40D /* CoreGraphics.framework in Frameworks */ = {isa = PBXBuildFile; fileRef = B38CD7DC1CBEB8ED00E3A40D /* CoreGraphics.framework */; };
		B38CD7DF1CBEB8F500E3A40D /* Foundation.framework in Frameworks */ = {isa = PBXBuildFile; fileRef = B38CD7DE1CBEB8F500E3A40D /* Foundation.framework */; };
		B38CD7E81CBF618C00E3A40D /* PlayerViewController.m in Sources */ = {isa = PBXBuildFile; fileRef = B38CD7E71CBF618C00E3A40D /* PlayerViewController.m */; };
		B38CD7EB1CC05C0300E3A40D /* CameraManager.m in Sources */ = {isa = PBXBuildFile; fileRef = B38CD7EA1CC05C0300E3A40D /* CameraManager.m */; };
		B38CD7F41CC0E22200E3A40D /* PlayerView.m in Sources */ = {isa = PBXBuildFile; fileRef = B38CD7F31CC0E22100E3A40D /* PlayerView.m */; };
		B38CD7F91CC0FFE300E3A40D /* turtle.png in Resources */ = {isa = PBXBuildFile; fileRef = B38CD7F51CC0FFE300E3A40D /* turtle.png */; };
		B38CD7FA1CC0FFE300E3A40D /* turtle_filled.png in Resources */ = {isa = PBXBuildFile; fileRef = B38CD7F61CC0FFE300E3A40D /* turtle_filled.png */; };
		B38CD7FB1CC0FFE300E3A40D /* pause.png in Resources */ = {isa = PBXBuildFile; fileRef = B38CD7F71CC0FFE300E3A40D /* pause.png */; };
		B38CD7FC1CC0FFE300E3A40D /* play.png in Resources */ = {isa = PBXBuildFile; fileRef = B38CD7F81CC0FFE300E3A40D /* play.png */; };
		B38CD7FE1CC1173800E3A40D /* delete.png in Resources */ = {isa = PBXBuildFile; fileRef = B38CD7FD1CC1173800E3A40D /* delete.png */; };
/* End PBXBuildFile section */

/* Begin PBXFileReference section */
		B34EDD281CBE912000A63AF2 /* VideoPlayer.app */ = {isa = PBXFileReference; explicitFileType = wrapper.application; includeInIndex = 0; path = VideoPlayer.app; sourceTree = BUILT_PRODUCTS_DIR; };
		B34EDD2C1CBE912000A63AF2 /* main.m */ = {isa = PBXFileReference; lastKnownFileType = sourcecode.c.objc; path = main.m; sourceTree = "<group>"; };
		B34EDD2E1CBE912000A63AF2 /* AppDelegate.h */ = {isa = PBXFileReference; lastKnownFileType = sourcecode.c.h; path = AppDelegate.h; sourceTree = "<group>"; };
		B34EDD2F1CBE912000A63AF2 /* AppDelegate.m */ = {isa = PBXFileReference; lastKnownFileType = sourcecode.c.objc; path = AppDelegate.m; sourceTree = "<group>"; };
		B34EDD311CBE912000A63AF2 /* MainViewController.h */ = {isa = PBXFileReference; lastKnownFileType = sourcecode.c.h; path = MainViewController.h; sourceTree = "<group>"; };
		B34EDD321CBE912000A63AF2 /* MainViewController.m */ = {isa = PBXFileReference; lastKnownFileType = sourcecode.c.objc; path = MainViewController.m; sourceTree = "<group>"; };
		B34EDD351CBE912000A63AF2 /* Base */ = {isa = PBXFileReference; lastKnownFileType = file.storyboard; name = Base; path = Base.lproj/Main.storyboard; sourceTree = "<group>"; };
		B34EDD371CBE912000A63AF2 /* Assets.xcassets */ = {isa = PBXFileReference; lastKnownFileType = folder.assetcatalog; path = Assets.xcassets; sourceTree = "<group>"; };
		B34EDD3A1CBE912000A63AF2 /* Base */ = {isa = PBXFileReference; lastKnownFileType = file.storyboard; name = Base; path = Base.lproj/LaunchScreen.storyboard; sourceTree = "<group>"; };
		B34EDD3C1CBE912000A63AF2 /* Info.plist */ = {isa = PBXFileReference; lastKnownFileType = text.plist.xml; path = Info.plist; sourceTree = "<group>"; };
		B34EDD421CBE928F00A63AF2 /* MyCollectionViewCell.h */ = {isa = PBXFileReference; fileEncoding = 4; lastKnownFileType = sourcecode.c.h; path = MyCollectionViewCell.h; sourceTree = "<group>"; };
		B34EDD431CBE928F00A63AF2 /* MyCollectionViewCell.m */ = {isa = PBXFileReference; fileEncoding = 4; lastKnownFileType = sourcecode.c.objc; path = MyCollectionViewCell.m; sourceTree = "<group>"; };
		B38CD7B91CBEA3FD00E3A40D /* back.png */ = {isa = PBXFileReference; lastKnownFileType = image.png; path = back.png; sourceTree = "<group>"; };
		B38CD7BD1CBEA56A00E3A40D /* record.png */ = {isa = PBXFileReference; lastKnownFileType = image.png; path = record.png; sourceTree = "<group>"; };
		B38CD7BF1CBEA5C100E3A40D /* record_small.png */ = {isa = PBXFileReference; lastKnownFileType = image.png; path = record_small.png; sourceTree = "<group>"; };
		B38CD7C11CBEA9EC00E3A40D /* video_record.png */ = {isa = PBXFileReference; lastKnownFileType = image.png; path = video_record.png; sourceTree = "<group>"; };
		B38CD7C31CBEABD500E3A40D /* undo.png */ = {isa = PBXFileReference; lastKnownFileType = image.png; path = undo.png; sourceTree = "<group>"; };
		B38CD7C51CBEAC2500E3A40D /* switch_camera.png */ = {isa = PBXFileReference; lastKnownFileType = image.png; path = switch_camera.png; sourceTree = "<group>"; };
		B38CD7C91CBEAE7B00E3A40D /* film_2.png */ = {isa = PBXFileReference; lastKnownFileType = image.png; path = film_2.png; sourceTree = "<group>"; };
		B38CD7CD1CBEAF6900E3A40D /* sample1.jpg */ = {isa = PBXFileReference; lastKnownFileType = image.jpeg; path = sample1.jpg; sourceTree = "<group>"; };
		B38CD7CF1CBEB0A600E3A40D /* VideoViewController.h */ = {isa = PBXFileReference; fileEncoding = 4; lastKnownFileType = sourcecode.c.h; path = VideoViewController.h; sourceTree = "<group>"; };
		B38CD7D01CBEB0A600E3A40D /* VideoViewController.m */ = {isa = PBXFileReference; fileEncoding = 4; lastKnownFileType = sourcecode.c.objc; path = VideoViewController.m; sourceTree = "<group>"; };
		B38CD7D31CBEB5AB00E3A40D /* SVProgressHUD-Prefix.pch */ = {isa = PBXFileReference; fileEncoding = 4; lastKnownFileType = sourcecode.c.h; path = "SVProgressHUD-Prefix.pch"; sourceTree = "<group>"; };
		B38CD7D41CBEB5AB00E3A40D /* SVProgressHUD.bundle */ = {isa = PBXFileReference; lastKnownFileType = "wrapper.plug-in"; path = SVProgressHUD.bundle; sourceTree = "<group>"; };
		B38CD7D51CBEB5AB00E3A40D /* SVProgressHUD.h */ = {isa = PBXFileReference; fileEncoding = 4; lastKnownFileType = sourcecode.c.h; path = SVProgressHUD.h; sourceTree = "<group>"; };
		B38CD7D61CBEB5AB00E3A40D /* SVProgressHUD.m */ = {isa = PBXFileReference; fileEncoding = 4; lastKnownFileType = sourcecode.c.objc; path = SVProgressHUD.m; sourceTree = "<group>"; };
		B38CD7DC1CBEB8ED00E3A40D /* CoreGraphics.framework */ = {isa = PBXFileReference; lastKnownFileType = wrapper.framework; name = CoreGraphics.framework; path = System/Library/Frameworks/CoreGraphics.framework; sourceTree = SDKROOT; };
		B38CD7DE1CBEB8F500E3A40D /* Foundation.framework */ = {isa = PBXFileReference; lastKnownFileType = wrapper.framework; name = Foundation.framework; path = System/Library/Frameworks/Foundation.framework; sourceTree = SDKROOT; };
		B38CD7E61CBF618C00E3A40D /* PlayerViewController.h */ = {isa = PBXFileReference; fileEncoding = 4; lastKnownFileType = sourcecode.c.h; path = PlayerViewController.h; sourceTree = "<group>"; };
		B38CD7E71CBF618C00E3A40D /* PlayerViewController.m */ = {isa = PBXFileReference; fileEncoding = 4; lastKnownFileType = sourcecode.c.objc; path = PlayerViewController.m; sourceTree = "<group>"; };
		B38CD7E91CC05C0300E3A40D /* CameraManager.h */ = {isa = PBXFileReference; fileEncoding = 4; lastKnownFileType = sourcecode.c.h; path = CameraManager.h; sourceTree = "<group>"; };
		B38CD7EA1CC05C0300E3A40D /* CameraManager.m */ = {isa = PBXFileReference; fileEncoding = 4; lastKnownFileType = sourcecode.c.objc; path = CameraManager.m; sourceTree = "<group>"; };
		B38CD7F21CC0E22100E3A40D /* PlayerView.h */ = {isa = PBXFileReference; fileEncoding = 4; lastKnownFileType = sourcecode.c.h; path = PlayerView.h; sourceTree = "<group>"; };
		B38CD7F31CC0E22100E3A40D /* PlayerView.m */ = {isa = PBXFileReference; fileEncoding = 4; lastKnownFileType = sourcecode.c.objc; path = PlayerView.m; sourceTree = "<group>"; };
		B38CD7F51CC0FFE300E3A40D /* turtle.png */ = {isa = PBXFileReference; lastKnownFileType = image.png; path = turtle.png; sourceTree = "<group>"; };
		B38CD7F61CC0FFE300E3A40D /* turtle_filled.png */ = {isa = PBXFileReference; lastKnownFileType = image.png; path = turtle_filled.png; sourceTree = "<group>"; };
		B38CD7F71CC0FFE300E3A40D /* pause.png */ = {isa = PBXFileReference; lastKnownFileType = image.png; path = pause.png; sourceTree = "<group>"; };
		B38CD7F81CC0FFE300E3A40D /* play.png */ = {isa = PBXFileReference; lastKnownFileType = image.png; path = play.png; sourceTree = "<group>"; };
		B38CD7FD1CC1173800E3A40D /* delete.png */ = {isa = PBXFileReference; lastKnownFileType = image.png; path = delete.png; sourceTree = "<group>"; };
/* End PBXFileReference section */

/* Begin PBXFrameworksBuildPhase section */
		B34EDD251CBE912000A63AF2 /* Frameworks */ = {
			isa = PBXFrameworksBuildPhase;
			buildActionMask = 2147483647;
			files = (
				B38CD7DF1CBEB8F500E3A40D /* Foundation.framework in Frameworks */,
				B38CD7DD1CBEB8ED00E3A40D /* CoreGraphics.framework in Frameworks */,
			);
			runOnlyForDeploymentPostprocessing = 0;
		};
/* End PBXFrameworksBuildPhase section */

/* Begin PBXGroup section */
		B34EDD1F1CBE912000A63AF2 = {
			isa = PBXGroup;
			children = (
				B34EDD2A1CBE912000A63AF2 /* VideoPlayer */,
				B34EDD291CBE912000A63AF2 /* Products */,
			);
			sourceTree = "<group>";
		};
		B34EDD291CBE912000A63AF2 /* Products */ = {
			isa = PBXGroup;
			children = (
				B34EDD281CBE912000A63AF2 /* VideoPlayer.app */,
			);
			name = Products;
			sourceTree = "<group>";
		};
		B34EDD2A1CBE912000A63AF2 /* VideoPlayer */ = {
			isa = PBXGroup;
			children = (
				B38CD7E91CC05C0300E3A40D /* CameraManager.h */,
				B38CD7EA1CC05C0300E3A40D /* CameraManager.m */,
				B34EDD2E1CBE912000A63AF2 /* AppDelegate.h */,
				B34EDD2F1CBE912000A63AF2 /* AppDelegate.m */,
				B34EDD311CBE912000A63AF2 /* MainViewController.h */,
				B34EDD321CBE912000A63AF2 /* MainViewController.m */,
				B34EDD341CBE912000A63AF2 /* Main.storyboard */,
				B38CD7CF1CBEB0A600E3A40D /* VideoViewController.h */,
				B38CD7D01CBEB0A600E3A40D /* VideoViewController.m */,
				B34EDD421CBE928F00A63AF2 /* MyCollectionViewCell.h */,
				B34EDD431CBE928F00A63AF2 /* MyCollectionViewCell.m */,
				B38CD7E61CBF618C00E3A40D /* PlayerViewController.h */,
				B38CD7E71CBF618C00E3A40D /* PlayerViewController.m */,
				B38CD7F21CC0E22100E3A40D /* PlayerView.h */,
				B38CD7F31CC0E22100E3A40D /* PlayerView.m */,
				B34EDD371CBE912000A63AF2 /* Assets.xcassets */,
				B38CD7B91CBEA3FD00E3A40D /* back.png */,
				B38CD7BD1CBEA56A00E3A40D /* record.png */,
				B38CD7BF1CBEA5C100E3A40D /* record_small.png */,
				B38CD7C11CBEA9EC00E3A40D /* video_record.png */,
				B38CD7C31CBEABD500E3A40D /* undo.png */,
				B38CD7C51CBEAC2500E3A40D /* switch_camera.png */,
				B38CD7C91CBEAE7B00E3A40D /* film_2.png */,
				B38CD7CD1CBEAF6900E3A40D /* sample1.jpg */,
				B38CD7F51CC0FFE300E3A40D /* turtle.png */,
				B38CD7F61CC0FFE300E3A40D /* turtle_filled.png */,
				B38CD7F71CC0FFE300E3A40D /* pause.png */,
				B38CD7F81CC0FFE300E3A40D /* play.png */,
				B38CD7FD1CC1173800E3A40D /* delete.png */,
				B34EDD391CBE912000A63AF2 /* LaunchScreen.storyboard */,
				B34EDD3C1CBE912000A63AF2 /* Info.plist */,
				B34EDD2B1CBE912000A63AF2 /* Supporting Files */,
			);
			path = VideoPlayer;
			sourceTree = "<group>";
		};
		B34EDD2B1CBE912000A63AF2 /* Supporting Files */ = {
			isa = PBXGroup;
			children = (
				B38CD7DE1CBEB8F500E3A40D /* Foundation.framework */,
				B38CD7DC1CBEB8ED00E3A40D /* CoreGraphics.framework */,
				B38CD7D21CBEB5AB00E3A40D /* SVProgressHUD */,
				B34EDD2C1CBE912000A63AF2 /* main.m */,
			);
			name = "Supporting Files";
			sourceTree = "<group>";
		};
		B38CD7D21CBEB5AB00E3A40D /* SVProgressHUD */ = {
			isa = PBXGroup;
			children = (
				B38CD7D31CBEB5AB00E3A40D /* SVProgressHUD-Prefix.pch */,
				B38CD7D41CBEB5AB00E3A40D /* SVProgressHUD.bundle */,
				B38CD7D51CBEB5AB00E3A40D /* SVProgressHUD.h */,
				B38CD7D61CBEB5AB00E3A40D /* SVProgressHUD.m */,
			);
			path = SVProgressHUD;
			sourceTree = "<group>";
		};
/* End PBXGroup section */

/* Begin PBXNativeTarget section */
		B34EDD271CBE912000A63AF2 /* VideoPlayer */ = {
			isa = PBXNativeTarget;
			buildConfigurationList = B34EDD3F1CBE912000A63AF2 /* Build configuration list for PBXNativeTarget "VideoPlayer" */;
			buildPhases = (
				B34EDD241CBE912000A63AF2 /* Sources */,
				B34EDD251CBE912000A63AF2 /* Frameworks */,
				B34EDD261CBE912000A63AF2 /* Resources */,
			);
			buildRules = (
			);
			dependencies = (
			);
			name = VideoPlayer;
			productName = VideoPlayer;
			productReference = B34EDD281CBE912000A63AF2 /* VideoPlayer.app */;
			productType = "com.apple.product-type.application";
		};
/* End PBXNativeTarget section */

/* Begin PBXProject section */
		B34EDD201CBE912000A63AF2 /* Project object */ = {
			isa = PBXProject;
			attributes = {
				LastUpgradeCheck = 0730;
				ORGANIZATIONNAME = "Vladyslav Gusakov";
				TargetAttributes = {
					B34EDD271CBE912000A63AF2 = {
						CreatedOnToolsVersion = 7.3;
						DevelopmentTeam = 55YGEFWX58;
					};
				};
			};
			buildConfigurationList = B34EDD231CBE912000A63AF2 /* Build configuration list for PBXProject "VideoPlayer" */;
			compatibilityVersion = "Xcode 3.2";
			developmentRegion = English;
			hasScannedForEncodings = 0;
			knownRegions = (
				en,
				Base,
			);
			mainGroup = B34EDD1F1CBE912000A63AF2;
			productRefGroup = B34EDD291CBE912000A63AF2 /* Products */;
			projectDirPath = "";
			projectRoot = "";
			targets = (
				B34EDD271CBE912000A63AF2 /* VideoPlayer */,
			);
		};
/* End PBXProject section */

/* Begin PBXResourcesBuildPhase section */
		B34EDD261CBE912000A63AF2 /* Resources */ = {
			isa = PBXResourcesBuildPhase;
			buildActionMask = 2147483647;
			files = (
				B38CD7C41CBEABD500E3A40D /* undo.png in Resources */,
				B38CD7FC1CC0FFE300E3A40D /* play.png in Resources */,
				B34EDD3B1CBE912000A63AF2 /* LaunchScreen.storyboard in Resources */,
				B38CD7BE1CBEA56A00E3A40D /* record.png in Resources */,
				B38CD7CA1CBEAE7B00E3A40D /* film_2.png in Resources */,
				B38CD7BA1CBEA3FD00E3A40D /* back.png in Resources */,
				B38CD7C01CBEA5C100E3A40D /* record_small.png in Resources */,
				B38CD7C21CBEA9EC00E3A40D /* video_record.png in Resources */,
				B38CD7CE1CBEAF6900E3A40D /* sample1.jpg in Resources */,
				B38CD7D71CBEB5AB00E3A40D /* SVProgressHUD.bundle in Resources */,
				B38CD7F91CC0FFE300E3A40D /* turtle.png in Resources */,
				B38CD7FB1CC0FFE300E3A40D /* pause.png in Resources */,
				B38CD7FE1CC1173800E3A40D /* delete.png in Resources */,
				B34EDD381CBE912000A63AF2 /* Assets.xcassets in Resources */,
				B38CD7C61CBEAC2500E3A40D /* switch_camera.png in Resources */,
				B38CD7FA1CC0FFE300E3A40D /* turtle_filled.png in Resources */,
				B34EDD361CBE912000A63AF2 /* Main.storyboard in Resources */,
			);
			runOnlyForDeploymentPostprocessing = 0;
		};
/* End PBXResourcesBuildPhase section */

/* Begin PBXSourcesBuildPhase section */
		B34EDD241CBE912000A63AF2 /* Sources */ = {
			isa = PBXSourcesBuildPhase;
			buildActionMask = 2147483647;
			files = (
				B38CD7D11CBEB0A600E3A40D /* VideoViewController.m in Sources */,
				B34EDD331CBE912000A63AF2 /* MainViewController.m in Sources */,
				B38CD7EB1CC05C0300E3A40D /* CameraManager.m in Sources */,
				B34EDD301CBE912000A63AF2 /* AppDelegate.m in Sources */,
				B34EDD441CBE928F00A63AF2 /* MyCollectionViewCell.m in Sources */,
				B34EDD2D1CBE912000A63AF2 /* main.m in Sources */,
				B38CD7E81CBF618C00E3A40D /* PlayerViewController.m in Sources */,
				B38CD7F41CC0E22200E3A40D /* PlayerView.m in Sources */,
				B38CD7D81CBEB5AB00E3A40D /* SVProgressHUD.m in Sources */,
			);
			runOnlyForDeploymentPostprocessing = 0;
		};
/* End PBXSourcesBuildPhase section */

/* Begin PBXVariantGroup section */
		B34EDD341CBE912000A63AF2 /* Main.storyboard */ = {
			isa = PBXVariantGroup;
			children = (
				B34EDD351CBE912000A63AF2 /* Base */,
			);
			name = Main.storyboard;
			sourceTree = "<group>";
		};
		B34EDD391CBE912000A63AF2 /* LaunchScreen.storyboard */ = {
			isa = PBXVariantGroup;
			children = (
				B34EDD3A1CBE912000A63AF2 /* Base */,
			);
			name = LaunchScreen.storyboard;
			sourceTree = "<group>";
		};
/* End PBXVariantGroup section */

/* Begin XCBuildConfiguration section */
		B34EDD3D1CBE912000A63AF2 /* Debug */ = {
			isa = XCBuildConfiguration;
			buildSettings = {
				ALWAYS_SEARCH_USER_PATHS = NO;
				CLANG_ANALYZER_NONNULL = YES;
				CLANG_CXX_LANGUAGE_STANDARD = "gnu++0x";
				CLANG_CXX_LIBRARY = "libc++";
				CLANG_ENABLE_MODULES = YES;
				CLANG_ENABLE_OBJC_ARC = YES;
				CLANG_WARN_BOOL_CONVERSION = YES;
				CLANG_WARN_CONSTANT_CONVERSION = YES;
				CLANG_WARN_DIRECT_OBJC_ISA_USAGE = YES_ERROR;
				CLANG_WARN_EMPTY_BODY = YES;
				CLANG_WARN_ENUM_CONVERSION = YES;
				CLANG_WARN_INT_CONVERSION = YES;
				CLANG_WARN_OBJC_ROOT_CLASS = YES_ERROR;
				CLANG_WARN_UNREACHABLE_CODE = YES;
				CLANG_WARN__DUPLICATE_METHOD_MATCH = YES;
				"CODE_SIGN_IDENTITY[sdk=iphoneos*]" = "iPhone Developer";
				COPY_PHASE_STRIP = NO;
				DEBUG_INFORMATION_FORMAT = dwarf;
				ENABLE_STRICT_OBJC_MSGSEND = YES;
				ENABLE_TESTABILITY = YES;
				GCC_C_LANGUAGE_STANDARD = gnu99;
				GCC_DYNAMIC_NO_PIC = NO;
				GCC_NO_COMMON_BLOCKS = YES;
				GCC_OPTIMIZATION_LEVEL = 0;
				GCC_PREPROCESSOR_DEFINITIONS = (
					"DEBUG=1",
					"$(inherited)",
				);
				GCC_WARN_64_TO_32_BIT_CONVERSION = YES;
				GCC_WARN_ABOUT_RETURN_TYPE = YES_ERROR;
				GCC_WARN_UNDECLARED_SELECTOR = YES;
				GCC_WARN_UNINITIALIZED_AUTOS = YES_AGGRESSIVE;
				GCC_WARN_UNUSED_FUNCTION = YES;
				GCC_WARN_UNUSED_VARIABLE = YES;
				IPHONEOS_DEPLOYMENT_TARGET = 9.3;
				MTL_ENABLE_DEBUG_INFO = YES;
				ONLY_ACTIVE_ARCH = YES;
				SDKROOT = iphoneos;
				TARGETED_DEVICE_FAMILY = "1,2";
			};
			name = Debug;
		};
		B34EDD3E1CBE912000A63AF2 /* Release */ = {
			isa = XCBuildConfiguration;
			buildSettings = {
				ALWAYS_SEARCH_USER_PATHS = NO;
				CLANG_ANALYZER_NONNULL = YES;
				CLANG_CXX_LANGUAGE_STANDARD = "gnu++0x";
				CLANG_CXX_LIBRARY = "libc++";
				CLANG_ENABLE_MODULES = YES;
				CLANG_ENABLE_OBJC_ARC = YES;
				CLANG_WARN_BOOL_CONVERSION = YES;
				CLANG_WARN_CONSTANT_CONVERSION = YES;
				CLANG_WARN_DIRECT_OBJC_ISA_USAGE = YES_ERROR;
				CLANG_WARN_EMPTY_BODY = YES;
				CLANG_WARN_ENUM_CONVERSION = YES;
				CLANG_WARN_INT_CONVERSION = YES;
				CLANG_WARN_OBJC_ROOT_CLASS = YES_ERROR;
				CLANG_WARN_UNREACHABLE_CODE = YES;
				CLANG_WARN__DUPLICATE_METHOD_MATCH = YES;
				"CODE_SIGN_IDENTITY[sdk=iphoneos*]" = "iPhone Developer";
				COPY_PHASE_STRIP = NO;
				DEBUG_INFORMATION_FORMAT = "dwarf-with-dsym";
				ENABLE_NS_ASSERTIONS = NO;
				ENABLE_STRICT_OBJC_MSGSEND = YES;
				GCC_C_LANGUAGE_STANDARD = gnu99;
				GCC_NO_COMMON_BLOCKS = YES;
				GCC_WARN_64_TO_32_BIT_CONVERSION = YES;
				GCC_WARN_ABOUT_RETURN_TYPE = YES_ERROR;
				GCC_WARN_UNDECLARED_SELECTOR = YES;
				GCC_WARN_UNINITIALIZED_AUTOS = YES_AGGRESSIVE;
				GCC_WARN_UNUSED_FUNCTION = YES;
				GCC_WARN_UNUSED_VARIABLE = YES;
				IPHONEOS_DEPLOYMENT_TARGET = 9.3;
				MTL_ENABLE_DEBUG_INFO = NO;
				SDKROOT = iphoneos;
				TARGETED_DEVICE_FAMILY = "1,2";
				VALIDATE_PRODUCT = YES;
			};
			name = Release;
		};
		B34EDD401CBE912000A63AF2 /* Debug */ = {
			isa = XCBuildConfiguration;
			buildSettings = {
				ASSETCATALOG_COMPILER_APPICON_NAME = AppIcon;
				INFOPLIST_FILE = VideoPlayer/Info.plist;
				IPHONEOS_DEPLOYMENT_TARGET = 9.2;
				LD_RUNPATH_SEARCH_PATHS = "$(inherited) @executable_path/Frameworks";
				PRODUCT_BUNDLE_IDENTIFIER = com.vlgusakov.VideoPlayer;
				PRODUCT_NAME = "$(TARGET_NAME)";
			};
			name = Debug;
		};
		B34EDD411CBE912000A63AF2 /* Release */ = {
			isa = XCBuildConfiguration;
			buildSettings = {
				ASSETCATALOG_COMPILER_APPICON_NAME = AppIcon;
				INFOPLIST_FILE = VideoPlayer/Info.plist;
				IPHONEOS_DEPLOYMENT_TARGET = 9.2;
				LD_RUNPATH_SEARCH_PATHS = "$(inherited) @executable_path/Frameworks";
				PRODUCT_BUNDLE_IDENTIFIER = com.vlgusakov.VideoPlayer;
				PRODUCT_NAME = "$(TARGET_NAME)";
			};
			name = Release;
		};
/* End XCBuildConfiguration section */

/* Begin XCConfigurationList section */
		B34EDD231CBE912000A63AF2 /* Build configuration list for PBXProject "VideoPlayer" */ = {
			isa = XCConfigurationList;
			buildConfigurations = (
				B34EDD3D1CBE912000A63AF2 /* Debug */,
				B34EDD3E1CBE912000A63AF2 /* Release */,
			);
			defaultConfigurationIsVisible = 0;
			defaultConfigurationName = Release;
		};
		B34EDD3F1CBE912000A63AF2 /* Build configuration list for PBXNativeTarget "VideoPlayer" */ = {
			isa = XCConfigurationList;
			buildConfigurations = (
				B34EDD401CBE912000A63AF2 /* Debug */,
				B34EDD411CBE912000A63AF2 /* Release */,
			);
			defaultConfigurationIsVisible = 0;
			defaultConfigurationName = Release;
		};
/* End XCConfigurationList section */
	};
	rootObject = B34EDD201CBE912000A63AF2 /* Project object */;
}
